
Microsoft Visual Studio Solution File, Format Version 12.00
# Visual Studio Version 17
VisualStudioVersion = 17.9.34902.65
MinimumVisualStudioVersion = 10.0.40219.1
Project("{2150E333-8FDC-42A3-9474-1A3956D46DE8}") = "API", "API", "{8EBE9556-73F0-48A9-ABC8-FB3A75BBFBAD}"
EndProject
Project("{2150E333-8FDC-42A3-9474-1A3956D46DE8}") = "Blazor", "Blazor", "{5710CB1D-5112-43C7-A439-9811382895BD}"
EndProject
Project("{2150E333-8FDC-42A3-9474-1A3956D46DE8}") = "1Domain", "1Domain", "{4026FF48-A01A-48D1-8F64-655270DC3659}"
EndProject
Project("{2150E333-8FDC-42A3-9474-1A3956D46DE8}") = "2Application", "2Application", "{B709356D-DB53-485D-BAD9-609DD3AA8913}"
EndProject
Project("{2150E333-8FDC-42A3-9474-1A3956D46DE8}") = "3Infrustructure", "3Infrustructure", "{7F996B43-49BC-4F46-AB30-9CC615665AD5}"
EndProject
Project("{2150E333-8FDC-42A3-9474-1A3956D46DE8}") = "4Api", "4Api", "{89E6FB16-2821-46BC-A202-4F8AB9AB8A82}"
EndProject
Project("{9A19103F-16F7-4668-BE54-9A1E7A4F7556}") = "WebChatBlazor", "WebChatBlazor\WebChatBlazor.csproj", "{36366EC5-9C61-4EA4-9FDA-DA80F57DA132}"
EndProject
Project("{9A19103F-16F7-4668-BE54-9A1E7A4F7556}") = "Doamin", "Doamin\Doamin.csproj", "{3E7D330D-CCEC-40A8-B0C9-7ECA88A13093}"
EndProject
Project("{9A19103F-16F7-4668-BE54-9A1E7A4F7556}") = "Application", "Application\Application.csproj", "{F31A8A9A-95EE-4825-B016-614328631910}"
EndProject
Project("{9A19103F-16F7-4668-BE54-9A1E7A4F7556}") = "InfruStructure", "InfruStructure\InfruStructure.csproj", "{CEF61C27-9820-41DF-A292-F8087D2C8817}"
EndProject
Project("{9A19103F-16F7-4668-BE54-9A1E7A4F7556}") = "WebChatApi", "WebChatApi\WebChatApi.csproj", "{39ED1A1F-1E3F-47F8-8119-71279D653FCE}"
EndProject
Global
	GlobalSection(SolutionConfigurationPlatforms) = preSolution
		Debug|Any CPU = Debug|Any CPU
		Release|Any CPU = Release|Any CPU
	EndGlobalSection
	GlobalSection(ProjectConfigurationPlatforms) = postSolution
		{36366EC5-9C61-4EA4-9FDA-DA80F57DA132}.Debug|Any CPU.ActiveCfg = Debug|Any CPU
		{36366EC5-9C61-4EA4-9FDA-DA80F57DA132}.Debug|Any CPU.Build.0 = Debug|Any CPU
		{36366EC5-9C61-4EA4-9FDA-DA80F57DA132}.Release|Any CPU.ActiveCfg = Release|Any CPU
		{36366EC5-9C61-4EA4-9FDA-DA80F57DA132}.Release|Any CPU.Build.0 = Release|Any CPU
		{3E7D330D-CCEC-40A8-B0C9-7ECA88A13093}.Debug|Any CPU.ActiveCfg = Debug|Any CPU
		{3E7D330D-CCEC-40A8-B0C9-7ECA88A13093}.Debug|Any CPU.Build.0 = Debug|Any CPU
		{3E7D330D-CCEC-40A8-B0C9-7ECA88A13093}.Release|Any CPU.ActiveCfg = Release|Any CPU
		{3E7D330D-CCEC-40A8-B0C9-7ECA88A13093}.Release|Any CPU.Build.0 = Release|Any CPU
		{F31A8A9A-95EE-4825-B016-614328631910}.Debug|Any CPU.ActiveCfg = Debug|Any CPU
		{F31A8A9A-95EE-4825-B016-614328631910}.Debug|Any CPU.Build.0 = Debug|Any CPU
		{F31A8A9A-95EE-4825-B016-614328631910}.Release|Any CPU.ActiveCfg = Release|Any CPU
		{F31A8A9A-95EE-4825-B016-614328631910}.Release|Any CPU.Build.0 = Release|Any CPU
		{CEF61C27-9820-41DF-A292-F8087D2C8817}.Debug|Any CPU.ActiveCfg = Debug|Any CPU
		{CEF61C27-9820-41DF-A292-F8087D2C8817}.Debug|Any CPU.Build.0 = Debug|Any CPU
		{CEF61C27-9820-41DF-A292-F8087D2C8817}.Release|Any CPU.ActiveCfg = Release|Any CPU
		{CEF61C27-9820-41DF-A292-F8087D2C8817}.Release|Any CPU.Build.0 = Release|Any CPU
		{39ED1A1F-1E3F-47F8-8119-71279D653FCE}.Debug|Any CPU.ActiveCfg = Debug|Any CPU
		{39ED1A1F-1E3F-47F8-8119-71279D653FCE}.Debug|Any CPU.Build.0 = Debug|Any CPU
		{39ED1A1F-1E3F-47F8-8119-71279D653FCE}.Release|Any CPU.ActiveCfg = Release|Any CPU
		{39ED1A1F-1E3F-47F8-8119-71279D653FCE}.Release|Any CPU.Build.0 = Release|Any CPU
	EndGlobalSection
	GlobalSection(SolutionProperties) = preSolution
		HideSolutionNode = FALSE
	EndGlobalSection
	GlobalSection(NestedProjects) = preSolution
		{4026FF48-A01A-48D1-8F64-655270DC3659} = {8EBE9556-73F0-48A9-ABC8-FB3A75BBFBAD}
		{B709356D-DB53-485D-BAD9-609DD3AA8913} = {8EBE9556-73F0-48A9-ABC8-FB3A75BBFBAD}
		{7F996B43-49BC-4F46-AB30-9CC615665AD5} = {8EBE9556-73F0-48A9-ABC8-FB3A75BBFBAD}
		{89E6FB16-2821-46BC-A202-4F8AB9AB8A82} = {8EBE9556-73F0-48A9-ABC8-FB3A75BBFBAD}
		{36366EC5-9C61-4EA4-9FDA-DA80F57DA132} = {5710CB1D-5112-43C7-A439-9811382895BD}
		{3E7D330D-CCEC-40A8-B0C9-7ECA88A13093} = {4026FF48-A01A-48D1-8F64-655270DC3659}
		{F31A8A9A-95EE-4825-B016-614328631910} = {B709356D-DB53-485D-BAD9-609DD3AA8913}
		{CEF61C27-9820-41DF-A292-F8087D2C8817} = {7F996B43-49BC-4F46-AB30-9CC615665AD5}
		{39ED1A1F-1E3F-47F8-8119-71279D653FCE} = {89E6FB16-2821-46BC-A202-4F8AB9AB8A82}
	EndGlobalSection
	GlobalSection(ExtensibilityGlobals) = postSolution
		SolutionGuid = {7AE72D62-33E4-476A-BF06-FE09C6DA6C21}
	EndGlobalSection
EndGlobal
